lockfileVersion: '6.0'

settings:
  autoInstallPeers: true
  excludeLinksFromLockfile: false

dependencies:
  csv-parse:
    specifier: ^5.5.2
    version: 5.5.2

packages:

  /csv-parse@5.5.2:
    resolution: {integrity: sha512-YRVtvdtUNXZCMyK5zd5Wty1W6dNTpGKdqQd4EQ8tl/c6KW1aMBB1Kg1ppky5FONKmEqGJ/8WjLlTNLPne4ioVA==}
    dev: false
